<?xml version="1.0" encoding="UTF-8"?>
<!DOCTYPE plist PUBLIC "-//Apple//DTD PLIST 1.0//EN" "http://www.apple.com/DTDs/PropertyList-1.0.dtd">
<plist version="1.0">
<dict>
	<key>archiveVersion</key>
	<string>1</string>
	<key>classes</key>
	<dict/>
	<key>objectVersion</key>
	<string>46</string>
	<key>objects</key>
	<dict>
		<key>06F111B863FE576426AA67CF</key>
		<dict>
			<key>buildActionMask</key>
			<string>2147483647</string>
			<key>files</key>
			<array/>
			<key>inputPaths</key>
			<array/>
			<key>isa</key>
			<string>PBXShellScriptBuildPhase</string>
			<key>name</key>
			<string>Copy Pods Resources</string>
			<key>outputPaths</key>
			<array/>
			<key>runOnlyForDeploymentPostprocessing</key>
			<string>0</string>
			<key>shellPath</key>
			<string>/bin/sh</string>
			<key>shellScript</key>
			<string>"${SRCROOT}/Pods/Target Support Files/Pods/Pods-resources.sh"
</string>
			<key>showEnvVarsInLog</key>
			<string>0</string>
		</dict>
		<key>1262AE65F7F369D054C73BC1</key>
		<dict>
			<key>buildActionMask</key>
			<string>2147483647</string>
			<key>files</key>
			<array/>
			<key>inputPaths</key>
			<array/>
			<key>isa</key>
			<string>PBXShellScriptBuildPhase</string>
			<key>name</key>
			<string>Embed Pods Frameworks</string>
			<key>outputPaths</key>
			<array/>
			<key>runOnlyForDeploymentPostprocessing</key>
			<string>0</string>
			<key>shellPath</key>
			<string>/bin/sh</string>
			<key>shellScript</key>
			<string>"${SRCROOT}/Pods/Target Support Files/Pods/Pods-frameworks.sh"
</string>
			<key>showEnvVarsInLog</key>
			<string>0</string>
		</dict>
		<key>1B8FDA76C38ACEA0D7C43F46</key>
		<dict>
			<key>includeInIndex</key>
			<string>1</string>
			<key>isa</key>
			<string>PBXFileReference</string>
			<key>lastKnownFileType</key>
			<string>text.xcconfig</string>
			<key>name</key>
			<string>Pods.release.xcconfig</string>
			<key>path</key>
			<string>Pods/Target Support Files/Pods/Pods.release.xcconfig</string>
			<key>sourceTree</key>
			<string>&lt;group&gt;</string>
		</dict>
		<key>2109717A2189EFEA515D33C8</key>
		<dict>
			<key>includeInIndex</key>
			<string>1</string>
			<key>isa</key>
			<string>PBXFileReference</string>
			<key>lastKnownFileType</key>
			<string>text.xcconfig</string>
			<key>name</key>
			<string>Pods.debug.xcconfig</string>
			<key>path</key>
			<string>Pods/Target Support Files/Pods/Pods.debug.xcconfig</string>
			<key>sourceTree</key>
			<string>&lt;group&gt;</string>
		</dict>
		<key>44D25EE733AC56F96CC477EB</key>
		<dict>
			<key>explicitFileType</key>
			<string>archive.ar</string>
			<key>includeInIndex</key>
			<string>0</string>
			<key>isa</key>
			<string>PBXFileReference</string>
			<key>path</key>
			<string>libPods.a</string>
			<key>sourceTree</key>
			<string>BUILT_PRODUCTS_DIR</string>
		</dict>
		<key>98F14B0DA57D9263C33CC83F</key>
		<dict>
			<key>fileRef</key>
			<string>44D25EE733AC56F96CC477EB</string>
			<key>isa</key>
			<string>PBXBuildFile</string>
		</dict>
		<key>ADE700001CD86A4E008AE480</key>
		<dict>
			<key>fileRef</key>
			<string>ADE7FFDE1CD86A4E008AE480</string>
			<key>isa</key>
			<string>PBXBuildFile</string>
		</dict>
		<key>ADE700011CD86A4E008AE480</key>
		<dict>
			<key>fileRef</key>
			<string>ADE7FFE41CD86A4E008AE480</string>
			<key>isa</key>
			<string>PBXBuildFile</string>
		</dict>
		<key>ADE700021CD86A4E008AE480</key>
		<dict>
			<key>fileRef</key>
			<string>ADE7FFE61CD86A4E008AE480</string>
			<key>isa</key>
			<string>PBXBuildFile</string>
		</dict>
		<key>ADE700031CD86A4E008AE480</key>
		<dict>
			<key>fileRef</key>
			<string>ADE7FFEC1CD86A4E008AE480</string>
			<key>isa</key>
			<string>PBXBuildFile</string>
		</dict>
		<key>ADE700041CD86A4E008AE480</key>
		<dict>
			<key>fileRef</key>
			<string>ADE7FFF21CD86A4E008AE480</string>
			<key>isa</key>
			<string>PBXBuildFile</string>
		</dict>
		<key>ADE700051CD86A4E008AE480</key>
		<dict>
			<key>fileRef</key>
			<string>ADE7FFF71CD86A4E008AE480</string>
			<key>isa</key>
			<string>PBXBuildFile</string>
		</dict>
		<key>ADE700061CD86A4E008AE480</key>
		<dict>
			<key>fileRef</key>
			<string>ADE7FFF81CD86A4E008AE480</string>
			<key>isa</key>
			<string>PBXBuildFile</string>
		</dict>
		<key>ADE700071CD86A4E008AE480</key>
		<dict>
			<key>fileRef</key>
			<string>ADE7FFFC1CD86A4E008AE480</string>
			<key>isa</key>
			<string>PBXBuildFile</string>
		</dict>
		<key>ADE700081CD86A85008AE480</key>
		<dict>
			<key>children</key>
			<array>
				<string>ADE7000A1CD86C20008AE480</string>
				<string>ADE7000B1CD86C20008AE480</string>
			</array>
			<key>isa</key>
			<string>PBXGroup</string>
			<key>path</key>
			<string>Category</string>
			<key>sourceTree</key>
			<string>&lt;group&gt;</string>
		</dict>
		<key>ADE700091CD86AF8008AE480</key>
		<dict>
			<key>isa</key>
			<string>PBXFileReference</string>
			<key>lastKnownFileType</key>
			<string>sourcecode.c.h</string>
			<key>path</key>
			<string>JXPrefixHeader.pch</string>
			<key>sourceTree</key>
			<string>&lt;group&gt;</string>
		</dict>
		<key>ADE7000A1CD86C20008AE480</key>
		<dict>
			<key>fileEncoding</key>
			<string>4</string>
			<key>isa</key>
			<string>PBXFileReference</string>
			<key>lastKnownFileType</key>
			<string>sourcecode.c.h</string>
			<key>path</key>
			<string>UIView+Frame.h</string>
			<key>sourceTree</key>
			<string>&lt;group&gt;</string>
		</dict>
		<key>ADE7000B1CD86C20008AE480</key>
		<dict>
			<key>fileEncoding</key>
			<string>4</string>
			<key>isa</key>
			<string>PBXFileReference</string>
			<key>lastKnownFileType</key>
			<string>sourcecode.c.objc</string>
			<key>path</key>
			<string>UIView+Frame.m</string>
			<key>sourceTree</key>
			<string>&lt;group&gt;</string>
		</dict>
		<key>ADE7000C1CD86C20008AE480</key>
		<dict>
			<key>fileRef</key>
			<string>ADE7000B1CD86C20008AE480</string>
			<key>isa</key>
			<string>PBXBuildFile</string>
		</dict>
		<key>ADE7001F1CD86F1D008AE480</key>
		<dict>
			<key>children</key>
			<array>
				<string>ADE700201CD86F1D008AE480</string>
				<string>ADE700211CD86F1D008AE480</string>
			</array>
			<key>isa</key>
			<string>PBXGroup</string>
			<key>path</key>
			<string>Father</string>
			<key>sourceTree</key>
			<string>&lt;group&gt;</string>
		</dict>
		<key>ADE700201CD86F1D008AE480</key>
		<dict>
			<key>fileEncoding</key>
			<string>4</string>
			<key>isa</key>
			<string>PBXFileReference</string>
			<key>lastKnownFileType</key>
			<string>sourcecode.c.h</string>
			<key>path</key>
			<string>JXHttpRequest.h</string>
			<key>sourceTree</key>
			<string>&lt;group&gt;</string>
		</dict>
		<key>ADE700211CD86F1D008AE480</key>
		<dict>
			<key>fileEncoding</key>
			<string>4</string>
			<key>isa</key>
			<string>PBXFileReference</string>
			<key>lastKnownFileType</key>
			<string>sourcecode.c.objc</string>
			<key>path</key>
			<string>JXHttpRequest.m</string>
			<key>sourceTree</key>
			<string>&lt;group&gt;</string>
		</dict>
		<key>ADE700221CD86F1D008AE480</key>
		<dict>
			<key>children</key>
			<array>
				<string>ADE700231CD86F1D008AE480</string>
				<string>ADE700261CD86F1D008AE480</string>
			</array>
			<key>isa</key>
			<string>PBXGroup</string>
			<key>path</key>
			<string>HttpRequest</string>
			<key>sourceTree</key>
			<string>&lt;group&gt;</string>
		</dict>
		<key>ADE700231CD86F1D008AE480</key>
		<dict>
			<key>children</key>
			<array>
				<string>ADE700241CD86F1D008AE480</string>
				<string>ADE700251CD86F1D008AE480</string>
			</array>
			<key>isa</key>
			<string>PBXGroup</string>
			<key>path</key>
			<string>LoginRequest</string>
			<key>sourceTree</key>
			<string>&lt;group&gt;</string>
		</dict>
		<key>ADE700241CD86F1D008AE480</key>
		<dict>
			<key>fileEncoding</key>
			<string>4</string>
			<key>isa</key>
			<string>PBXFileReference</string>
			<key>lastKnownFileType</key>
			<string>sourcecode.c.h</string>
			<key>path</key>
			<string>JXHttpLoginRequest.h</string>
			<key>sourceTree</key>
			<string>&lt;group&gt;</string>
		</dict>
		<key>ADE700251CD86F1D008AE480</key>
		<dict>
			<key>fileEncoding</key>
			<string>4</string>
			<key>isa</key>
			<string>PBXFileReference</string>
			<key>lastKnownFileType</key>
			<string>sourcecode.c.objc</string>
			<key>path</key>
			<string>JXHttpLoginRequest.m</string>
			<key>sourceTree</key>
			<string>&lt;group&gt;</string>
		</dict>
		<key>ADE700261CD86F1D008AE480</key>
		<dict>
			<key>children</key>
			<array>
				<string>ADE700271CD86F1D008AE480</string>
				<string>ADE700281CD86F1D008AE480</string>
			</array>
			<key>isa</key>
			<string>PBXGroup</string>
			<key>path</key>
			<string>MessageRequest</string>
			<key>sourceTree</key>
			<string>&lt;group&gt;</string>
		</dict>
		<key>ADE700271CD86F1D008AE480</key>
		<dict>
			<key>fileEncoding</key>
			<string>4</string>
			<key>isa</key>
			<string>PBXFileReference</string>
			<key>lastKnownFileType</key>
			<string>sourcecode.c.h</string>
			<key>path</key>
			<string>JXHttpMessageRequest.h</string>
			<key>sourceTree</key>
			<string>&lt;group&gt;</string>
		</dict>
		<key>ADE700281CD86F1D008AE480</key>
		<dict>
			<key>fileEncoding</key>
			<string>4</string>
			<key>isa</key>
			<string>PBXFileReference</string>
			<key>lastKnownFileType</key>
			<string>sourcecode.c.objc</string>
			<key>path</key>
			<string>JXHttpMessageRequest.m</string>
			<key>sourceTree</key>
			<string>&lt;group&gt;</string>
		</dict>
		<key>ADE700291CD86F1D008AE480</key>
		<dict>
			<key>fileEncoding</key>
			<string>4</string>
			<key>isa</key>
			<string>PBXFileReference</string>
			<key>lastKnownFileType</key>
			<string>sourcecode.c.h</string>
			<key>path</key>
			<string>JXRequestUrlPath.h</string>
			<key>sourceTree</key>
			<string>&lt;group&gt;</string>
		</dict>
		<key>ADE7002A1CD86F1D008AE480</key>
		<dict>
			<key>children</key>
			<array>
				<string>ADE7002B1CD86F1D008AE480</string>
				<string>ADE7002C1CD86F1D008AE480</string>
			</array>
			<key>isa</key>
			<string>PBXGroup</string>
			<key>path</key>
			<string>Manager</string>
			<key>sourceTree</key>
			<string>&lt;group&gt;</string>
		</dict>
		<key>ADE7002B1CD86F1D008AE480</key>
		<dict>
			<key>fileEncoding</key>
			<string>4</string>
			<key>isa</key>
			<string>PBXFileReference</string>
			<key>lastKnownFileType</key>
			<string>sourcecode.c.h</string>
			<key>path</key>
			<string>JXHttpRequestManager.h</string>
			<key>sourceTree</key>
			<string>&lt;group&gt;</string>
		</dict>
		<key>ADE7002C1CD86F1D008AE480</key>
		<dict>
			<key>fileEncoding</key>
			<string>4</string>
			<key>isa</key>
			<string>PBXFileReference</string>
			<key>lastKnownFileType</key>
			<string>sourcecode.c.objc</string>
			<key>path</key>
			<string>JXHttpRequestManager.m</string>
			<key>sourceTree</key>
			<string>&lt;group&gt;</string>
		</dict>
		<key>ADE7002D1CD86F1D008AE480</key>
		<dict>
			<key>fileRef</key>
			<string>ADE700211CD86F1D008AE480</string>
			<key>isa</key>
			<string>PBXBuildFile</string>
		</dict>
		<key>ADE7002E1CD86F1D008AE480</key>
		<dict>
			<key>fileRef</key>
			<string>ADE700251CD86F1D008AE480</string>
			<key>isa</key>
			<string>PBXBuildFile</string>
		</dict>
		<key>ADE7002F1CD86F1D008AE480</key>
		<dict>
			<key>fileRef</key>
			<string>ADE700281CD86F1D008AE480</string>
			<key>isa</key>
			<string>PBXBuildFile</string>
		</dict>
		<key>ADE700301CD86F1D008AE480</key>
		<dict>
			<key>fileRef</key>
			<string>ADE7002C1CD86F1D008AE480</string>
			<key>isa</key>
			<string>PBXBuildFile</string>
		</dict>
		<key>ADE700311CD870AE008AE480</key>
		<dict>
			<key>children</key>
			<array>
				<string>ADE700321CD870AE008AE480</string>
				<string>ADE700351CD870AE008AE480</string>
				<string>ADE700381CD870AE008AE480</string>
				<string>ADE7003B1CD870AE008AE480</string>
			</array>
			<key>isa</key>
			<string>PBXGroup</string>
			<key>path</key>
			<string>DBOperation</string>
			<key>sourceTree</key>
			<string>&lt;group&gt;</string>
		</dict>
		<key>ADE700321CD870AE008AE480</key>
		<dict>
			<key>children</key>
			<array>
				<string>ADE700331CD870AE008AE480</string>
				<string>ADE700341CD870AE008AE480</string>
			</array>
			<key>isa</key>
			<string>PBXGroup</string>
			<key>path</key>
			<string>Delete</string>
			<key>sourceTree</key>
			<string>&lt;group&gt;</string>
		</dict>
		<key>ADE700331CD870AE008AE480</key>
		<dict>
			<key>fileEncoding</key>
			<string>4</string>
			<key>isa</key>
			<string>PBXFileReference</string>
			<key>lastKnownFileType</key>
			<string>sourcecode.c.h</string>
			<key>path</key>
			<string>JXDBDeleteData.h</string>
			<key>sourceTree</key>
			<string>&lt;group&gt;</string>
		</dict>
		<key>ADE700341CD870AE008AE480</key>
		<dict>
			<key>fileEncoding</key>
			<string>4</string>
			<key>isa</key>
			<string>PBXFileReference</string>
			<key>lastKnownFileType</key>
			<string>sourcecode.c.objc</string>
			<key>path</key>
			<string>JXDBDeleteData.m</string>
			<key>sourceTree</key>
			<string>&lt;group&gt;</string>
		</dict>
		<key>ADE700351CD870AE008AE480</key>
		<dict>
			<key>children</key>
			<array>
				<string>ADE700361CD870AE008AE480</string>
				<string>ADE700371CD870AE008AE480</string>
			</array>
			<key>isa</key>
			<string>PBXGroup</string>
			<key>path</key>
			<string>Insert</string>
			<key>sourceTree</key>
			<string>&lt;group&gt;</string>
		</dict>
		<key>ADE700361CD870AE008AE480</key>
		<dict>
			<key>fileEncoding</key>
			<string>4</string>
			<key>isa</key>
			<string>PBXFileReference</string>
			<key>lastKnownFileType</key>
			<string>sourcecode.c.h</string>
			<key>path</key>
			<string>JXDBInsertData.h</string>
			<key>sourceTree</key>
			<string>&lt;group&gt;</string>
		</dict>
		<key>ADE700371CD870AE008AE480</key>
		<dict>
			<key>fileEncoding</key>
			<string>4</string>
			<key>isa</key>
			<string>PBXFileReference</string>
			<key>lastKnownFileType</key>
			<string>sourcecode.c.objc</string>
			<key>path</key>
			<string>JXDBInsertData.m</string>
			<key>sourceTree</key>
			<string>&lt;group&gt;</string>
		</dict>
		<key>ADE700381CD870AE008AE480</key>
		<dict>
			<key>children</key>
			<array>
				<string>ADE700391CD870AE008AE480</string>
				<string>ADE7003A1CD870AE008AE480</string>
			</array>
			<key>isa</key>
			<string>PBXGroup</string>
			<key>path</key>
			<string>Select</string>
			<key>sourceTree</key>
			<string>&lt;group&gt;</string>
		</dict>
		<key>ADE700391CD870AE008AE480</key>
		<dict>
			<key>fileEncoding</key>
			<string>4</string>
			<key>isa</key>
			<string>PBXFileReference</string>
			<key>lastKnownFileType</key>
			<string>sourcecode.c.h</string>
			<key>path</key>
			<string>JXDBSelectData.h</string>
			<key>sourceTree</key>
			<string>&lt;group&gt;</string>
		</dict>
		<key>ADE7003A1CD870AE008AE480</key>
		<dict>
			<key>fileEncoding</key>
			<string>4</string>
			<key>isa</key>
			<string>PBXFileReference</string>
			<key>lastKnownFileType</key>
			<string>sourcecode.c.objc</string>
			<key>path</key>
			<string>JXDBSelectData.m</string>
			<key>sourceTree</key>
			<string>&lt;group&gt;</string>
		</dict>
		<key>ADE7003B1CD870AE008AE480</key>
		<dict>
			<key>children</key>
			<array>
				<string>ADE7003C1CD870AE008AE480</string>
				<string>ADE7003D1CD870AE008AE480</string>
			</array>
			<key>isa</key>
			<string>PBXGroup</string>
			<key>path</key>
			<string>Update</string>
			<key>sourceTree</key>
			<string>&lt;group&gt;</string>
		</dict>
		<key>ADE7003C1CD870AE008AE480</key>
		<dict>
			<key>fileEncoding</key>
			<string>4</string>
			<key>isa</key>
			<string>PBXFileReference</string>
			<key>lastKnownFileType</key>
			<string>sourcecode.c.h</string>
			<key>path</key>
			<string>JXDBUpdateData.h</string>
			<key>sourceTree</key>
			<string>&lt;group&gt;</string>
		</dict>
		<key>ADE7003D1CD870AE008AE480</key>
		<dict>
			<key>fileEncoding</key>
			<string>4</string>
			<key>isa</key>
			<string>PBXFileReference</string>
			<key>lastKnownFileType</key>
			<string>sourcecode.c.objc</string>
			<key>path</key>
			<string>JXDBUpdateData.m</string>
			<key>sourceTree</key>
			<string>&lt;group&gt;</string>
		</dict>
		<key>ADE7003E1CD870AE008AE480</key>
		<dict>
			<key>children</key>
			<array>
				<string>ADE7003F1CD870AE008AE480</string>
				<string>ADE700401CD870AE008AE480</string>
			</array>
			<key>isa</key>
			<string>PBXGroup</string>
			<key>path</key>
			<string>Father</string>
			<key>sourceTree</key>
			<string>&lt;group&gt;</string>
		</dict>
		<key>ADE7003F1CD870AE008AE480</key>
		<dict>
			<key>fileEncoding</key>
			<string>4</string>
			<key>isa</key>
			<string>PBXFileReference</string>
			<key>lastKnownFileType</key>
			<string>sourcecode.c.h</string>
			<key>path</key>
			<string>JXDBOperation.h</string>
			<key>sourceTree</key>
			<string>&lt;group&gt;</string>
		</dict>
		<key>ADE700401CD870AE008AE480</key>
		<dict>
			<key>fileEncoding</key>
			<string>4</string>
			<key>isa</key>
			<string>PBXFileReference</string>
			<key>lastKnownFileType</key>
			<string>sourcecode.c.objc</string>
			<key>path</key>
			<string>JXDBOperation.m</string>
			<key>sourceTree</key>
			<string>&lt;group&gt;</string>
		</dict>
		<key>ADE700411CD870AE008AE480</key>
		<dict>
			<key>fileEncoding</key>
			<string>4</string>
			<key>isa</key>
			<string>PBXFileReference</string>
			<key>lastKnownFileType</key>
			<string>sourcecode.c.h</string>
			<key>path</key>
			<string>JXDBDefine.h</string>
			<key>sourceTree</key>
			<string>&lt;group&gt;</string>
		</dict>
		<key>ADE700421CD870AE008AE480</key>
		<dict>
			<key>children</key>
			<array>
				<string>ADE700431CD870AE008AE480</string>
				<string>ADE700441CD870AE008AE480</string>
			</array>
			<key>isa</key>
			<string>PBXGroup</string>
			<key>path</key>
			<string>Manager</string>
			<key>sourceTree</key>
			<string>&lt;group&gt;</string>
		</dict>
		<key>ADE700431CD870AE008AE480</key>
		<dict>
			<key>fileEncoding</key>
			<string>4</string>
			<key>isa</key>
			<string>PBXFileReference</string>
			<key>lastKnownFileType</key>
			<string>sourcecode.c.h</string>
			<key>path</key>
			<string>JXDBOperationManager.h</string>
			<key>sourceTree</key>
			<string>&lt;group&gt;</string>
		</dict>
		<key>ADE700441CD870AE008AE480</key>
		<dict>
			<key>fileEncoding</key>
			<string>4</string>
			<key>isa</key>
			<string>PBXFileReference</string>
			<key>lastKnownFileType</key>
			<string>sourcecode.c.objc</string>
			<key>path</key>
			<string>JXDBOperationManager.m</string>
			<key>sourceTree</key>
			<string>&lt;group&gt;</string>
		</dict>
		<key>ADE700451CD870AE008AE480</key>
		<dict>
			<key>fileRef</key>
			<string>ADE700341CD870AE008AE480</string>
			<key>isa</key>
			<string>PBXBuildFile</string>
		</dict>
		<key>ADE700461CD870AE008AE480</key>
		<dict>
			<key>fileRef</key>
			<string>ADE700371CD870AE008AE480</string>
			<key>isa</key>
			<string>PBXBuildFile</string>
		</dict>
		<key>ADE700471CD870AE008AE480</key>
		<dict>
			<key>fileRef</key>
			<string>ADE7003A1CD870AE008AE480</string>
			<key>isa</key>
			<string>PBXBuildFile</string>
		</dict>
		<key>ADE700481CD870AE008AE480</key>
		<dict>
			<key>fileRef</key>
			<string>ADE7003D1CD870AE008AE480</string>
			<key>isa</key>
			<string>PBXBuildFile</string>
		</dict>
		<key>ADE700491CD870AE008AE480</key>
		<dict>
			<key>fileRef</key>
			<string>ADE700401CD870AE008AE480</string>
			<key>isa</key>
			<string>PBXBuildFile</string>
		</dict>
		<key>ADE7004A1CD870AE008AE480</key>
		<dict>
			<key>fileRef</key>
			<string>ADE700441CD870AE008AE480</string>
			<key>isa</key>
			<string>PBXBuildFile</string>
		</dict>
		<key>ADE7004B1CD87253008AE480</key>
		<dict>
			<key>fileEncoding</key>
			<string>4</string>
			<key>isa</key>
			<string>PBXFileReference</string>
			<key>lastKnownFileType</key>
			<string>sourcecode.c.h</string>
			<key>path</key>
			<string>JXMyViewController.h</string>
			<key>sourceTree</key>
			<string>&lt;group&gt;</string>
		</dict>
		<key>ADE7004C1CD87253008AE480</key>
		<dict>
			<key>fileEncoding</key>
			<string>4</string>
			<key>isa</key>
			<string>PBXFileReference</string>
			<key>lastKnownFileType</key>
			<string>sourcecode.c.objc</string>
			<key>path</key>
			<string>JXMyViewController.m</string>
			<key>sourceTree</key>
			<string>&lt;group&gt;</string>
		</dict>
		<key>ADE7004D1CD87253008AE480</key>
		<dict>
			<key>fileRef</key>
			<string>ADE7004C1CD87253008AE480</string>
			<key>isa</key>
			<string>PBXBuildFile</string>
		</dict>
		<key>ADE7FF881CD7F4C4008AE480</key>
		<dict>
			<key>children</key>
			<array>
				<string>ADE7FF931CD7F4C4008AE480</string>
				<string>ADE7FFAD1CD7F4C4008AE480</string>
				<string>ADE7FFB81CD7F4C4008AE480</string>
				<string>ADE7FF921CD7F4C4008AE480</string>
				<string>BB585B227F84DAB2800BA738</string>
				<string>CA2342C6EC27716863253628</string>
			</array>
			<key>isa</key>
			<string>PBXGroup</string>
			<key>sourceTree</key>
			<string>&lt;group&gt;</string>
		</dict>
		<key>ADE7FF891CD7F4C4008AE480</key>
		<dict>
			<key>attributes</key>
			<dict>
				<key>CLASSPREFIX</key>
				<string>JX</string>
				<key>LastUpgradeCheck</key>
				<string>0720</string>
				<key>ORGANIZATIONNAME</key>
				<string>WeiBang</string>
				<key>TargetAttributes</key>
				<dict>
					<key>ADE7FF901CD7F4C4008AE480</key>
					<dict>
						<key>CreatedOnToolsVersion</key>
						<string>7.2.1</string>
					</dict>
					<key>ADE7FFA91CD7F4C4008AE480</key>
					<dict>
						<key>CreatedOnToolsVersion</key>
						<string>7.2.1</string>
						<key>TestTargetID</key>
						<string>ADE7FF901CD7F4C4008AE480</string>
					</dict>
					<key>ADE7FFB41CD7F4C4008AE480</key>
					<dict>
						<key>CreatedOnToolsVersion</key>
						<string>7.2.1</string>
						<key>TestTargetID</key>
						<string>ADE7FF901CD7F4C4008AE480</string>
					</dict>
				</dict>
			</dict>
			<key>buildConfigurationList</key>
			<string>ADE7FF8C1CD7F4C4008AE480</string>
			<key>compatibilityVersion</key>
			<string>Xcode 3.2</string>
			<key>developmentRegion</key>
			<string>English</string>
			<key>hasScannedForEncodings</key>
			<string>0</string>
			<key>isa</key>
			<string>PBXProject</string>
			<key>knownRegions</key>
			<array>
				<string>en</string>
				<string>Base</string>
			</array>
			<key>mainGroup</key>
			<string>ADE7FF881CD7F4C4008AE480</string>
			<key>productRefGroup</key>
			<string>ADE7FF921CD7F4C4008AE480</string>
			<key>projectDirPath</key>
			<string></string>
			<key>projectReferences</key>
			<array/>
			<key>projectRoot</key>
			<string></string>
			<key>targets</key>
			<array>
				<string>ADE7FF901CD7F4C4008AE480</string>
				<string>ADE7FFA91CD7F4C4008AE480</string>
				<string>ADE7FFB41CD7F4C4008AE480</string>
			</array>
		</dict>
		<key>ADE7FF8C1CD7F4C4008AE480</key>
		<dict>
			<key>buildConfigurations</key>
			<array>
				<string>ADE7FFBC1CD7F4C4008AE480</string>
				<string>ADE7FFBD1CD7F4C4008AE480</string>
			</array>
			<key>defaultConfigurationIsVisible</key>
			<string>0</string>
			<key>defaultConfigurationName</key>
			<string>Release</string>
			<key>isa</key>
			<string>XCConfigurationList</string>
		</dict>
		<key>ADE7FF8D1CD7F4C4008AE480</key>
		<dict>
			<key>buildActionMask</key>
			<string>2147483647</string>
			<key>files</key>
			<array>
				<string>ADE700481CD870AE008AE480</string>
				<string>ADE700451CD870AE008AE480</string>
				<string>ADE700001CD86A4E008AE480</string>
				<string>ADE7002F1CD86F1D008AE480</string>
				<string>ADE7002D1CD86F1D008AE480</string>
				<string>ADE700011CD86A4E008AE480</string>
				<string>ADE7004D1CD87253008AE480</string>
				<string>ADE700051CD86A4E008AE480</string>
				<string>ADE7000C1CD86C20008AE480</string>
				<string>ADE700021CD86A4E008AE480</string>
				<string>ADE700461CD870AE008AE480</string>
				<string>ADE700031CD86A4E008AE480</string>
				<string>ADE700061CD86A4E008AE480</string>
				<string>ADE7002E1CD86F1D008AE480</string>
				<string>ADE700491CD870AE008AE480</string>
				<string>ADE7004A1CD870AE008AE480</string>
				<string>ADE700071CD86A4E008AE480</string>
				<string>ADE700471CD870AE008AE480</string>
				<string>ADE700301CD86F1D008AE480</string>
				<string>ADE700041CD86A4E008AE480</string>
			</array>
			<key>isa</key>
			<string>PBXSourcesBuildPhase</string>
			<key>runOnlyForDeploymentPostprocessing</key>
			<string>0</string>
		</dict>
		<key>ADE7FF8E1CD7F4C4008AE480</key>
		<dict>
			<key>buildActionMask</key>
			<string>2147483647</string>
			<key>files</key>
			<array>
				<string>98F14B0DA57D9263C33CC83F</string>
			</array>
			<key>isa</key>
			<string>PBXFrameworksBuildPhase</string>
			<key>runOnlyForDeploymentPostprocessing</key>
			<string>0</string>
		</dict>
		<key>ADE7FF8F1CD7F4C4008AE480</key>
		<dict>
			<key>buildActionMask</key>
			<string>2147483647</string>
			<key>files</key>
			<array>
				<string>ADE7FFA41CD7F4C4008AE480</string>
				<string>ADE7FFA11CD7F4C4008AE480</string>
				<string>ADE7FF9F1CD7F4C4008AE480</string>
			</array>
			<key>isa</key>
			<string>PBXResourcesBuildPhase</string>
			<key>runOnlyForDeploymentPostprocessing</key>
			<string>0</string>
		</dict>
		<key>ADE7FF901CD7F4C4008AE480</key>
		<dict>
			<key>buildConfigurationList</key>
			<string>ADE7FFBE1CD7F4C4008AE480</string>
			<key>buildPhases</key>
			<array>
				<string>F84F094B29A9F385CDFF1150</string>
				<string>ADE7FF8D1CD7F4C4008AE480</string>
				<string>ADE7FF8E1CD7F4C4008AE480</string>
				<string>ADE7FF8F1CD7F4C4008AE480</string>
				<string>1262AE65F7F369D054C73BC1</string>
				<string>06F111B863FE576426AA67CF</string>
			</array>
			<key>buildRules</key>
			<array/>
			<key>dependencies</key>
			<array/>
			<key>isa</key>
			<string>PBXNativeTarget</string>
			<key>name</key>
			<string>&#21363;&#21051;&#20986;&#34892;</string>
			<key>productName</key>
			<string>&#21363;&#21051;&#20986;&#34892;</string>
			<key>productReference</key>
			<string>ADE7FF911CD7F4C4008AE480</string>
			<key>productType</key>
			<string>com.apple.product-type.application</string>
		</dict>
		<key>ADE7FF911CD7F4C4008AE480</key>
		<dict>
			<key>explicitFileType</key>
			<string>wrapper.application</string>
			<key>includeInIndex</key>
			<string>0</string>
			<key>isa</key>
			<string>PBXFileReference</string>
			<key>path</key>
			<string>&#21363;&#21051;&#20986;&#34892;.app</string>
			<key>sourceTree</key>
			<string>BUILT_PRODUCTS_DIR</string>
		</dict>
		<key>ADE7FF921CD7F4C4008AE480</key>
		<dict>
			<key>children</key>
			<array>
				<string>ADE7FF911CD7F4C4008AE480</string>
				<string>ADE7FFAA1CD7F4C4008AE480</string>
				<string>ADE7FFB51CD7F4C4008AE480</string>
			</array>
			<key>isa</key>
			<string>PBXGroup</string>
			<key>name</key>
			<string>Products</string>
			<key>sourceTree</key>
			<string>&lt;group&gt;</string>
		</dict>
		<key>ADE7FF931CD7F4C4008AE480</key>
		<dict>
			<key>children</key>
			<array>
				<string>ADE7FFD91CD86A4E008AE480</string>
				<string>ADE7FF941CD7F4C4008AE480</string>
			</array>
			<key>isa</key>
			<string>PBXGroup</string>
			<key>path</key>
			<string>&#21363;&#21051;&#20986;&#34892;</string>
			<key>sourceTree</key>
			<string>&lt;group&gt;</string>
		</dict>
		<key>ADE7FF941CD7F4C4008AE480</key>
		<dict>
			<key>children</key>
			<array>
				<string>ADE7FF9D1CD7F4C4008AE480</string>
				<string>ADE7FFA01CD7F4C4008AE480</string>
				<string>ADE7FFA21CD7F4C4008AE480</string>
				<string>ADE7FFA51CD7F4C4008AE480</string>
				<string>ADE700091CD86AF8008AE480</string>
			</array>
			<key>isa</key>
			<string>PBXGroup</string>
			<key>name</key>
			<string>Supporting Files</string>
			<key>sourceTree</key>
			<string>&lt;group&gt;</string>
		</dict>
		<key>ADE7FF9D1CD7F4C4008AE480</key>
		<dict>
			<key>children</key>
			<array>
				<string>ADE7FF9E1CD7F4C4008AE480</string>
			</array>
			<key>isa</key>
			<string>PBXVariantGroup</string>
			<key>name</key>
			<string>Main.storyboard</string>
			<key>sourceTree</key>
			<string>&lt;group&gt;</string>
		</dict>
		<key>ADE7FF9E1CD7F4C4008AE480</key>
		<dict>
			<key>isa</key>
			<string>PBXFileReference</string>
			<key>lastKnownFileType</key>
			<string>file.storyboard</string>
			<key>name</key>
			<string>Base</string>
			<key>path</key>
			<string>Base.lproj/Main.storyboard</string>
			<key>sourceTree</key>
			<string>&lt;group&gt;</string>
		</dict>
		<key>ADE7FF9F1CD7F4C4008AE480</key>
		<dict>
			<key>fileRef</key>
			<string>ADE7FF9D1CD7F4C4008AE480</string>
			<key>isa</key>
			<string>PBXBuildFile</string>
		</dict>
		<key>ADE7FFA01CD7F4C4008AE480</key>
		<dict>
			<key>isa</key>
			<string>PBXFileReference</string>
			<key>lastKnownFileType</key>
			<string>folder.assetcatalog</string>
			<key>path</key>
			<string>Assets.xcassets</string>
			<key>sourceTree</key>
			<string>&lt;group&gt;</string>
		</dict>
		<key>ADE7FFA11CD7F4C4008AE480</key>
		<dict>
			<key>fileRef</key>
			<string>ADE7FFA01CD7F4C4008AE480</string>
			<key>isa</key>
			<string>PBXBuildFile</string>
		</dict>
		<key>ADE7FFA21CD7F4C4008AE480</key>
		<dict>
			<key>children</key>
			<array>
				<string>ADE7FFA31CD7F4C4008AE480</string>
			</array>
			<key>isa</key>
			<string>PBXVariantGroup</string>
			<key>name</key>
			<string>LaunchScreen.storyboard</string>
			<key>sourceTree</key>
			<string>&lt;group&gt;</string>
		</dict>
		<key>ADE7FFA31CD7F4C4008AE480</key>
		<dict>
			<key>isa</key>
			<string>PBXFileReference</string>
			<key>lastKnownFileType</key>
			<string>file.storyboard</string>
			<key>name</key>
			<string>Base</string>
			<key>path</key>
			<string>Base.lproj/LaunchScreen.storyboard</string>
			<key>sourceTree</key>
			<string>&lt;group&gt;</string>
		</dict>
		<key>ADE7FFA41CD7F4C4008AE480</key>
		<dict>
			<key>fileRef</key>
			<string>ADE7FFA21CD7F4C4008AE480</string>
			<key>isa</key>
			<string>PBXBuildFile</string>
		</dict>
		<key>ADE7FFA51CD7F4C4008AE480</key>
		<dict>
			<key>isa</key>
			<string>PBXFileReference</string>
			<key>lastKnownFileType</key>
			<string>text.plist.xml</string>
			<key>path</key>
			<string>Info.plist</string>
			<key>sourceTree</key>
			<string>&lt;group&gt;</string>
		</dict>
		<key>ADE7FFA61CD7F4C4008AE480</key>
		<dict>
			<key>buildActionMask</key>
			<string>2147483647</string>
			<key>files</key>
			<array>
				<string>ADE7FFAF1CD7F4C4008AE480</string>
			</array>
			<key>isa</key>
			<string>PBXSourcesBuildPhase</string>
			<key>runOnlyForDeploymentPostprocessing</key>
			<string>0</string>
		</dict>
		<key>ADE7FFA71CD7F4C4008AE480</key>
		<dict>
			<key>buildActionMask</key>
			<string>2147483647</string>
			<key>files</key>
			<array/>
			<key>isa</key>
			<string>PBXFrameworksBuildPhase</string>
			<key>runOnlyForDeploymentPostprocessing</key>
			<string>0</string>
		</dict>
		<key>ADE7FFA81CD7F4C4008AE480</key>
		<dict>
			<key>buildActionMask</key>
			<string>2147483647</string>
			<key>files</key>
			<array/>
			<key>isa</key>
			<string>PBXResourcesBuildPhase</string>
			<key>runOnlyForDeploymentPostprocessing</key>
			<string>0</string>
		</dict>
		<key>ADE7FFA91CD7F4C4008AE480</key>
		<dict>
			<key>buildConfigurationList</key>
			<string>ADE7FFC11CD7F4C4008AE480</string>
			<key>buildPhases</key>
			<array>
				<string>ADE7FFA61CD7F4C4008AE480</string>
				<string>ADE7FFA71CD7F4C4008AE480</string>
				<string>ADE7FFA81CD7F4C4008AE480</string>
			</array>
			<key>buildRules</key>
			<array/>
			<key>dependencies</key>
			<array>
				<string>ADE7FFAC1CD7F4C4008AE480</string>
			</array>
			<key>isa</key>
			<string>PBXNativeTarget</string>
			<key>name</key>
			<string>&#21363;&#21051;&#20986;&#34892;Tests</string>
			<key>productName</key>
			<string>&#21363;&#21051;&#20986;&#34892;Tests</string>
			<key>productReference</key>
			<string>ADE7FFAA1CD7F4C4008AE480</string>
			<key>productType</key>
			<string>com.apple.product-type.bundle.unit-test</string>
		</dict>
		<key>ADE7FFAA1CD7F4C4008AE480</key>
		<dict>
			<key>explicitFileType</key>
			<string>wrapper.cfbundle</string>
			<key>includeInIndex</key>
			<string>0</string>
			<key>isa</key>
			<string>PBXFileReference</string>
			<key>path</key>
			<string>&#21363;&#21051;&#20986;&#34892;Tests.xctest</string>
			<key>sourceTree</key>
			<string>BUILT_PRODUCTS_DIR</string>
		</dict>
		<key>ADE7FFAB1CD7F4C4008AE480</key>
		<dict>
			<key>containerPortal</key>
			<string>ADE7FF891CD7F4C4008AE480</string>
			<key>isa</key>
			<string>PBXContainerItemProxy</string>
			<key>proxyType</key>
			<string>1</string>
			<key>remoteGlobalIDString</key>
			<string>ADE7FF901CD7F4C4008AE480</string>
			<key>remoteInfo</key>
			<string>&#21363;&#21051;&#20986;&#34892;</string>
		</dict>
		<key>ADE7FFAC1CD7F4C4008AE480</key>
		<dict>
			<key>isa</key>
			<string>PBXTargetDependency</string>
			<key>target</key>
			<string>ADE7FF901CD7F4C4008AE480</string>
			<key>targetProxy</key>
			<string>ADE7FFAB1CD7F4C4008AE480</string>
		</dict>
		<key>ADE7FFAD1CD7F4C4008AE480</key>
		<dict>
			<key>children</key>
			<array>
				<string>ADE7FFAE1CD7F4C4008AE480</string>
				<string>ADE7FFB01CD7F4C4008AE480</string>
			</array>
			<key>isa</key>
			<string>PBXGroup</string>
			<key>path</key>
			<string>&#21363;&#21051;&#20986;&#34892;Tests</string>
			<key>sourceTree</key>
			<string>&lt;group&gt;</string>
		</dict>
		<key>ADE7FFAE1CD7F4C4008AE480</key>
		<dict>
			<key>isa</key>
			<string>PBXFileReference</string>
			<key>lastKnownFileType</key>
			<string>sourcecode.c.objc</string>
			<key>path</key>
			<string>____Tests.m</string>
			<key>sourceTree</key>
			<string>&lt;group&gt;</string>
		</dict>
		<key>ADE7FFAF1CD7F4C4008AE480</key>
		<dict>
			<key>fileRef</key>
			<string>ADE7FFAE1CD7F4C4008AE480</string>
			<key>isa</key>
			<string>PBXBuildFile</string>
		</dict>
		<key>ADE7FFB01CD7F4C4008AE480</key>
		<dict>
			<key>isa</key>
			<string>PBXFileReference</string>
			<key>lastKnownFileType</key>
			<string>text.plist.xml</string>
			<key>path</key>
			<string>Info.plist</string>
			<key>sourceTree</key>
			<string>&lt;group&gt;</string>
		</dict>
		<key>ADE7FFB11CD7F4C4008AE480</key>
		<dict>
			<key>buildActionMask</key>
			<string>2147483647</string>
			<key>files</key>
			<array>
				<string>ADE7FFBA1CD7F4C4008AE480</string>
			</array>
			<key>isa</key>
			<string>PBXSourcesBuildPhase</string>
			<key>runOnlyForDeploymentPostprocessing</key>
			<string>0</string>
		</dict>
		<key>ADE7FFB21CD7F4C4008AE480</key>
		<dict>
			<key>buildActionMask</key>
			<string>2147483647</string>
			<key>files</key>
			<array/>
			<key>isa</key>
			<string>PBXFrameworksBuildPhase</string>
			<key>runOnlyForDeploymentPostprocessing</key>
			<string>0</string>
		</dict>
		<key>ADE7FFB31CD7F4C4008AE480</key>
		<dict>
			<key>buildActionMask</key>
			<string>2147483647</string>
			<key>files</key>
			<array/>
			<key>isa</key>
			<string>PBXResourcesBuildPhase</string>
			<key>runOnlyForDeploymentPostprocessing</key>
			<string>0</string>
		</dict>
		<key>ADE7FFB41CD7F4C4008AE480</key>
		<dict>
			<key>buildConfigurationList</key>
			<string>ADE7FFC41CD7F4C4008AE480</string>
			<key>buildPhases</key>
			<array>
				<string>ADE7FFB11CD7F4C4008AE480</string>
				<string>ADE7FFB21CD7F4C4008AE480</string>
				<string>ADE7FFB31CD7F4C4008AE480</string>
			</array>
			<key>buildRules</key>
			<array/>
			<key>dependencies</key>
			<array>
				<string>ADE7FFB71CD7F4C4008AE480</string>
			</array>
			<key>isa</key>
			<string>PBXNativeTarget</string>
			<key>name</key>
			<string>&#21363;&#21051;&#20986;&#34892;UITests</string>
			<key>productName</key>
			<string>&#21363;&#21051;&#20986;&#34892;UITests</string>
			<key>productReference</key>
			<string>ADE7FFB51CD7F4C4008AE480</string>
			<key>productType</key>
			<string>com.apple.product-type.bundle.ui-testing</string>
		</dict>
		<key>ADE7FFB51CD7F4C4008AE480</key>
		<dict>
			<key>explicitFileType</key>
			<string>wrapper.cfbundle</string>
			<key>includeInIndex</key>
			<string>0</string>
			<key>isa</key>
			<string>PBXFileReference</string>
			<key>path</key>
			<string>&#21363;&#21051;&#20986;&#34892;UITests.xctest</string>
			<key>sourceTree</key>
			<string>BUILT_PRODUCTS_DIR</string>
		</dict>
		<key>ADE7FFB61CD7F4C4008AE480</key>
		<dict>
			<key>containerPortal</key>
			<string>ADE7FF891CD7F4C4008AE480</string>
			<key>isa</key>
			<string>PBXContainerItemProxy</string>
			<key>proxyType</key>
			<string>1</string>
			<key>remoteGlobalIDString</key>
			<string>ADE7FF901CD7F4C4008AE480</string>
			<key>remoteInfo</key>
			<string>&#21363;&#21051;&#20986;&#34892;</string>
		</dict>
		<key>ADE7FFB71CD7F4C4008AE480</key>
		<dict>
			<key>isa</key>
			<string>PBXTargetDependency</string>
			<key>target</key>
			<string>ADE7FF901CD7F4C4008AE480</string>
			<key>targetProxy</key>
			<string>ADE7FFB61CD7F4C4008AE480</string>
		</dict>
		<key>ADE7FFB81CD7F4C4008AE480</key>
		<dict>
			<key>children</key>
			<array>
				<string>ADE7FFB91CD7F4C4008AE480</string>
				<string>ADE7FFBB1CD7F4C4008AE480</string>
			</array>
			<key>isa</key>
			<string>PBXGroup</string>
			<key>path</key>
			<string>&#21363;&#21051;&#20986;&#34892;UITests</string>
			<key>sourceTree</key>
			<string>&lt;group&gt;</string>
		</dict>
		<key>ADE7FFB91CD7F4C4008AE480</key>
		<dict>
			<key>isa</key>
			<string>PBXFileReference</string>
			<key>lastKnownFileType</key>
			<string>sourcecode.c.objc</string>
			<key>path</key>
			<string>____UITests.m</string>
			<key>sourceTree</key>
			<string>&lt;group&gt;</string>
		</dict>
		<key>ADE7FFBA1CD7F4C4008AE480</key>
		<dict>
			<key>fileRef</key>
			<string>ADE7FFB91CD7F4C4008AE480</string>
			<key>isa</key>
			<string>PBXBuildFile</string>
		</dict>
		<key>ADE7FFBB1CD7F4C4008AE480</key>
		<dict>
			<key>isa</key>
			<string>PBXFileReference</string>
			<key>lastKnownFileType</key>
			<string>text.plist.xml</string>
			<key>path</key>
			<string>Info.plist</string>
			<key>sourceTree</key>
			<string>&lt;group&gt;</string>
		</dict>
		<key>ADE7FFBC1CD7F4C4008AE480</key>
		<dict>
			<key>buildSettings</key>
			<dict>
				<key>ALWAYS_SEARCH_USER_PATHS</key>
				<string>NO</string>
				<key>CLANG_CXX_LANGUAGE_STANDARD</key>
				<string>gnu++0x</string>
				<key>CLANG_CXX_LIBRARY</key>
				<string>libc++</string>
				<key>CLANG_ENABLE_MODULES</key>
				<string>YES</string>
				<key>CLANG_ENABLE_OBJC_ARC</key>
				<string>YES</string>
				<key>CLANG_WARN_BOOL_CONVERSION</key>
				<string>YES</string>
				<key>CLANG_WARN_CONSTANT_CONVERSION</key>
				<string>YES</string>
				<key>CLANG_WARN_DIRECT_OBJC_ISA_USAGE</key>
				<string>YES_ERROR</string>
				<key>CLANG_WARN_EMPTY_BODY</key>
				<string>YES</string>
				<key>CLANG_WARN_ENUM_CONVERSION</key>
				<string>YES</string>
				<key>CLANG_WARN_INT_CONVERSION</key>
				<string>YES</string>
				<key>CLANG_WARN_OBJC_ROOT_CLASS</key>
				<string>YES_ERROR</string>
				<key>CLANG_WARN_UNREACHABLE_CODE</key>
				<string>YES</string>
				<key>CLANG_WARN__DUPLICATE_METHOD_MATCH</key>
				<string>YES</string>
				<key>CODE_SIGN_IDENTITY[sdk=iphoneos*]</key>
				<string>iPhone Developer</string>
				<key>COPY_PHASE_STRIP</key>
				<string>NO</string>
				<key>DEBUG_INFORMATION_FORMAT</key>
				<string>dwarf</string>
				<key>ENABLE_STRICT_OBJC_MSGSEND</key>
				<string>YES</string>
				<key>ENABLE_TESTABILITY</key>
				<string>YES</string>
				<key>GCC_C_LANGUAGE_STANDARD</key>
				<string>gnu99</string>
				<key>GCC_DYNAMIC_NO_PIC</key>
				<string>NO</string>
				<key>GCC_NO_COMMON_BLOCKS</key>
				<string>YES</string>
				<key>GCC_OPTIMIZATION_LEVEL</key>
				<string>0</string>
				<key>GCC_PREPROCESSOR_DEFINITIONS</key>
				<array>
					<string>DEBUG=1</string>
					<string>$(inherited)</string>
				</array>
				<key>GCC_WARN_64_TO_32_BIT_CONVERSION</key>
				<string>YES</string>
				<key>GCC_WARN_ABOUT_RETURN_TYPE</key>
				<string>YES_ERROR</string>
				<key>GCC_WARN_UNDECLARED_SELECTOR</key>
				<string>YES</string>
				<key>GCC_WARN_UNINITIALIZED_AUTOS</key>
				<string>YES_AGGRESSIVE</string>
				<key>GCC_WARN_UNUSED_FUNCTION</key>
				<string>YES</string>
				<key>GCC_WARN_UNUSED_VARIABLE</key>
				<string>YES</string>
				<key>IPHONEOS_DEPLOYMENT_TARGET</key>
				<string>9.2</string>
				<key>MTL_ENABLE_DEBUG_INFO</key>
				<string>YES</string>
				<key>ONLY_ACTIVE_ARCH</key>
				<string>YES</string>
				<key>SDKROOT</key>
				<string>iphoneos</string>
			</dict>
			<key>isa</key>
			<string>XCBuildConfiguration</string>
			<key>name</key>
			<string>Debug</string>
		</dict>
		<key>ADE7FFBD1CD7F4C4008AE480</key>
		<dict>
			<key>buildSettings</key>
			<dict>
				<key>ALWAYS_SEARCH_USER_PATHS</key>
				<string>NO</string>
				<key>CLANG_CXX_LANGUAGE_STANDARD</key>
				<string>gnu++0x</string>
				<key>CLANG_CXX_LIBRARY</key>
				<string>libc++</string>
				<key>CLANG_ENABLE_MODULES</key>
				<string>YES</string>
				<key>CLANG_ENABLE_OBJC_ARC</key>
				<string>YES</string>
				<key>CLANG_WARN_BOOL_CONVERSION</key>
				<string>YES</string>
				<key>CLANG_WARN_CONSTANT_CONVERSION</key>
				<string>YES</string>
				<key>CLANG_WARN_DIRECT_OBJC_ISA_USAGE</key>
				<string>YES_ERROR</string>
				<key>CLANG_WARN_EMPTY_BODY</key>
				<string>YES</string>
				<key>CLANG_WARN_ENUM_CONVERSION</key>
				<string>YES</string>
				<key>CLANG_WARN_INT_CONVERSION</key>
				<string>YES</string>
				<key>CLANG_WARN_OBJC_ROOT_CLASS</key>
				<string>YES_ERROR</string>
				<key>CLANG_WARN_UNREACHABLE_CODE</key>
				<string>YES</string>
				<key>CLANG_WARN__DUPLICATE_METHOD_MATCH</key>
				<string>YES</string>
				<key>CODE_SIGN_IDENTITY[sdk=iphoneos*]</key>
				<string>iPhone Developer</string>
				<key>COPY_PHASE_STRIP</key>
				<string>NO</string>
				<key>DEBUG_INFORMATION_FORMAT</key>
				<string>dwarf-with-dsym</string>
				<key>ENABLE_NS_ASSERTIONS</key>
				<string>NO</string>
				<key>ENABLE_STRICT_OBJC_MSGSEND</key>
				<string>YES</string>
				<key>GCC_C_LANGUAGE_STANDARD</key>
				<string>gnu99</string>
				<key>GCC_NO_COMMON_BLOCKS</key>
				<string>YES</string>
				<key>GCC_WARN_64_TO_32_BIT_CONVERSION</key>
				<string>YES</string>
				<key>GCC_WARN_ABOUT_RETURN_TYPE</key>
				<string>YES_ERROR</string>
				<key>GCC_WARN_UNDECLARED_SELECTOR</key>
				<string>YES</string>
				<key>GCC_WARN_UNINITIALIZED_AUTOS</key>
				<string>YES_AGGRESSIVE</string>
				<key>GCC_WARN_UNUSED_FUNCTION</key>
				<string>YES</string>
				<key>GCC_WARN_UNUSED_VARIABLE</key>
				<string>YES</string>
				<key>IPHONEOS_DEPLOYMENT_TARGET</key>
				<string>9.2</string>
				<key>MTL_ENABLE_DEBUG_INFO</key>
				<string>NO</string>
				<key>SDKROOT</key>
				<string>iphoneos</string>
				<key>VALIDATE_PRODUCT</key>
				<string>YES</string>
			</dict>
			<key>isa</key>
			<string>XCBuildConfiguration</string>
			<key>name</key>
			<string>Release</string>
		</dict>
		<key>ADE7FFBE1CD7F4C4008AE480</key>
		<dict>
			<key>buildConfigurations</key>
			<array>
				<string>ADE7FFBF1CD7F4C4008AE480</string>
				<string>ADE7FFC01CD7F4C4008AE480</string>
			</array>
			<key>defaultConfigurationIsVisible</key>
			<string>0</string>
			<key>isa</key>
			<string>XCConfigurationList</string>
		</dict>
		<key>ADE7FFBF1CD7F4C4008AE480</key>
		<dict>
			<key>baseConfigurationReference</key>
			<string>2109717A2189EFEA515D33C8</string>
			<key>buildSettings</key>
			<dict>
				<key>ASSETCATALOG_COMPILER_APPICON_NAME</key>
				<string>AppIcon</string>
				<key>GCC_PRECOMPILE_PREFIX_HEADER</key>
				<string>YES</string>
				<key>GCC_PREFIX_HEADER</key>
				<string>$(SRCROOT)/&#21363;&#21051;&#20986;&#34892;/JXPrefixHeader.pch</string>
				<key>INFOPLIST_FILE</key>
				<string>&#21363;&#21051;&#20986;&#34892;/Info.plist</string>
				<key>LD_RUNPATH_SEARCH_PATHS</key>
				<string>$(inherited) @executable_path/Frameworks</string>
				<key>PRODUCT_BUNDLE_IDENTIFIER</key>
				<string>com.WeiBang.----</string>
				<key>PRODUCT_NAME</key>
				<string>$(TARGET_NAME)</string>
			</dict>
			<key>isa</key>
			<string>XCBuildConfiguration</string>
			<key>name</key>
			<string>Debug</string>
		</dict>
		<key>ADE7FFC01CD7F4C4008AE480</key>
		<dict>
			<key>baseConfigurationReference</key>
			<string>1B8FDA76C38ACEA0D7C43F46</string>
			<key>buildSettings</key>
			<dict>
				<key>ASSETCATALOG_COMPILER_APPICON_NAME</key>
				<string>AppIcon</string>
				<key>GCC_PRECOMPILE_PREFIX_HEADER</key>
				<string>YES</string>
				<key>GCC_PREFIX_HEADER</key>
				<string>$(SRCROOT)/&#21363;&#21051;&#20986;&#34892;/JXPrefixHeader.pch</string>
				<key>INFOPLIST_FILE</key>
				<string>&#21363;&#21051;&#20986;&#34892;/Info.plist</string>
				<key>LD_RUNPATH_SEARCH_PATHS</key>
				<string>$(inherited) @executable_path/Frameworks</string>
				<key>PRODUCT_BUNDLE_IDENTIFIER</key>
				<string>com.WeiBang.----</string>
				<key>PRODUCT_NAME</key>
				<string>$(TARGET_NAME)</string>
			</dict>
			<key>isa</key>
			<string>XCBuildConfiguration</string>
			<key>name</key>
			<string>Release</string>
		</dict>
		<key>ADE7FFC11CD7F4C4008AE480</key>
		<dict>
			<key>buildConfigurations</key>
			<array>
				<string>ADE7FFC21CD7F4C4008AE480</string>
				<string>ADE7FFC31CD7F4C4008AE480</string>
			</array>
			<key>defaultConfigurationIsVisible</key>
			<string>0</string>
			<key>isa</key>
			<string>XCConfigurationList</string>
		</dict>
		<key>ADE7FFC21CD7F4C4008AE480</key>
		<dict>
			<key>buildSettings</key>
			<dict>
				<key>BUNDLE_LOADER</key>
				<string>$(TEST_HOST)</string>
				<key>INFOPLIST_FILE</key>
				<string>&#21363;&#21051;&#20986;&#34892;Tests/Info.plist</string>
				<key>LD_RUNPATH_SEARCH_PATHS</key>
				<string>$(inherited) @executable_path/Frameworks @loader_path/Frameworks</string>
				<key>PRODUCT_BUNDLE_IDENTIFIER</key>
				<string>com.WeiBang.----Tests</string>
				<key>PRODUCT_NAME</key>
				<string>$(TARGET_NAME)</string>
				<key>TEST_HOST</key>
				<string>$(BUILT_PRODUCTS_DIR)/&#21363;&#21051;&#20986;&#34892;.app/&#21363;&#21051;&#20986;&#34892;</string>
			</dict>
			<key>isa</key>
			<string>XCBuildConfiguration</string>
			<key>name</key>
			<string>Debug</string>
		</dict>
		<key>ADE7FFC31CD7F4C4008AE480</key>
		<dict>
			<key>buildSettings</key>
			<dict>
				<key>BUNDLE_LOADER</key>
				<string>$(TEST_HOST)</string>
				<key>INFOPLIST_FILE</key>
				<string>&#21363;&#21051;&#20986;&#34892;Tests/Info.plist</string>
				<key>LD_RUNPATH_SEARCH_PATHS</key>
				<string>$(inherited) @executable_path/Frameworks @loader_path/Frameworks</string>
				<key>PRODUCT_BUNDLE_IDENTIFIER</key>
				<string>com.WeiBang.----Tests</string>
				<key>PRODUCT_NAME</key>
				<string>$(TARGET_NAME)</string>
				<key>TEST_HOST</key>
				<string>$(BUILT_PRODUCTS_DIR)/&#21363;&#21051;&#20986;&#34892;.app/&#21363;&#21051;&#20986;&#34892;</string>
			</dict>
			<key>isa</key>
			<string>XCBuildConfiguration</string>
			<key>name</key>
			<string>Release</string>
		</dict>
		<key>ADE7FFC41CD7F4C4008AE480</key>
		<dict>
			<key>buildConfigurations</key>
			<array>
				<string>ADE7FFC51CD7F4C4008AE480</string>
				<string>ADE7FFC61CD7F4C4008AE480</string>
			</array>
			<key>defaultConfigurationIsVisible</key>
			<string>0</string>
			<key>isa</key>
			<string>XCConfigurationList</string>
		</dict>
		<key>ADE7FFC51CD7F4C4008AE480</key>
		<dict>
			<key>buildSettings</key>
			<dict>
				<key>INFOPLIST_FILE</key>
				<string>&#21363;&#21051;&#20986;&#34892;UITests/Info.plist</string>
				<key>LD_RUNPATH_SEARCH_PATHS</key>
				<string>$(inherited) @executable_path/Frameworks @loader_path/Frameworks</string>
				<key>PRODUCT_BUNDLE_IDENTIFIER</key>
				<string>com.WeiBang.----UITests</string>
				<key>PRODUCT_NAME</key>
				<string>$(TARGET_NAME)</string>
				<key>TEST_TARGET_NAME</key>
				<string>&#21363;&#21051;&#20986;&#34892;</string>
				<key>USES_XCTRUNNER</key>
				<string>YES</string>
			</dict>
			<key>isa</key>
			<string>XCBuildConfiguration</string>
			<key>name</key>
			<string>Debug</string>
		</dict>
		<key>ADE7FFC61CD7F4C4008AE480</key>
		<dict>
			<key>buildSettings</key>
			<dict>
				<key>INFOPLIST_FILE</key>
				<string>&#21363;&#21051;&#20986;&#34892;UITests/Info.plist</string>
				<key>LD_RUNPATH_SEARCH_PATHS</key>
				<string>$(inherited) @executable_path/Frameworks @loader_path/Frameworks</string>
				<key>PRODUCT_BUNDLE_IDENTIFIER</key>
				<string>com.WeiBang.----UITests</string>
				<key>PRODUCT_NAME</key>
				<string>$(TARGET_NAME)</string>
				<key>TEST_TARGET_NAME</key>
				<string>&#21363;&#21051;&#20986;&#34892;</string>
				<key>USES_XCTRUNNER</key>
				<string>YES</string>
			</dict>
			<key>isa</key>
			<string>XCBuildConfiguration</string>
			<key>name</key>
			<string>Release</string>
		</dict>
		<key>ADE7FFD91CD86A4E008AE480</key>
		<dict>
			<key>children</key>
			<array>
				<string>ADE700081CD86A85008AE480</string>
				<string>ADE7FFFF1CD86A4E008AE480</string>
				<string>ADE7FFDA1CD86A4E008AE480</string>
				<string>ADE7FFE11CD86A4E008AE480</string>
				<string>ADE7FFF51CD86A4E008AE480</string>
				<string>ADE7FFDB1CD86A4E008AE480</string>
				<string>ADE7FFE91CD86A4E008AE480</string>
				<string>ADE7FFEF1CD86A4E008AE480</string>
				<string>ADE7FFF91CD86A4E008AE480</string>
			</array>
			<key>isa</key>
			<string>PBXGroup</string>
			<key>path</key>
			<string>Class</string>
			<key>sourceTree</key>
			<string>&lt;group&gt;</string>
		</dict>
		<key>ADE7FFDA1CD86A4E008AE480</key>
		<dict>
			<key>children</key>
			<array>
				<string>ADE700291CD86F1D008AE480</string>
				<string>ADE7002A1CD86F1D008AE480</string>
				<string>ADE7001F1CD86F1D008AE480</string>
				<string>ADE700221CD86F1D008AE480</string>
			</array>
			<key>isa</key>
			<string>PBXGroup</string>
			<key>path</key>
			<string>DataRequest</string>
			<key>sourceTree</key>
			<string>&lt;group&gt;</string>
		</dict>
		<key>ADE7FFDB1CD86A4E008AE480</key>
		<dict>
			<key>children</key>
			<array>
				<string>ADE7FFDC1CD86A4E008AE480</string>
				<string>ADE7FFDF1CD86A4E008AE480</string>
				<string>ADE7FFE01CD86A4E008AE480</string>
			</array>
			<key>isa</key>
			<string>PBXGroup</string>
			<key>path</key>
			<string>Home</string>
			<key>sourceTree</key>
			<string>&lt;group&gt;</string>
		</dict>
		<key>ADE7FFDC1CD86A4E008AE480</key>
		<dict>
			<key>children</key>
			<array>
				<string>ADE7FFDD1CD86A4E008AE480</string>
				<string>ADE7FFDE1CD86A4E008AE480</string>
			</array>
			<key>isa</key>
			<string>PBXGroup</string>
			<key>path</key>
			<string>Controller</string>
			<key>sourceTree</key>
			<string>&lt;group&gt;</string>
		</dict>
		<key>ADE7FFDD1CD86A4E008AE480</key>
		<dict>
			<key>fileEncoding</key>
			<string>4</string>
			<key>isa</key>
			<string>PBXFileReference</string>
			<key>lastKnownFileType</key>
			<string>sourcecode.c.h</string>
			<key>path</key>
			<string>JXHomeViewController.h</string>
			<key>sourceTree</key>
			<string>&lt;group&gt;</string>
		</dict>
		<key>ADE7FFDE1CD86A4E008AE480</key>
		<dict>
			<key>fileEncoding</key>
			<string>4</string>
			<key>isa</key>
			<string>PBXFileReference</string>
			<key>lastKnownFileType</key>
			<string>sourcecode.c.objc</string>
			<key>path</key>
			<string>JXHomeViewController.m</string>
			<key>sourceTree</key>
			<string>&lt;group&gt;</string>
		</dict>
		<key>ADE7FFDF1CD86A4E008AE480</key>
		<dict>
			<key>children</key>
			<array/>
			<key>isa</key>
			<string>PBXGroup</string>
			<key>path</key>
			<string>Model</string>
			<key>sourceTree</key>
			<string>&lt;group&gt;</string>
		</dict>
		<key>ADE7FFE01CD86A4E008AE480</key>
		<dict>
			<key>children</key>
			<array/>
			<key>isa</key>
			<string>PBXGroup</string>
			<key>path</key>
			<string>View</string>
			<key>sourceTree</key>
			<string>&lt;group&gt;</string>
		</dict>
		<key>ADE7FFE11CD86A4E008AE480</key>
		<dict>
			<key>children</key>
			<array>
				<string>ADE7FFE21CD86A4E008AE480</string>
				<string>ADE7FFE71CD86A4E008AE480</string>
				<string>ADE7FFE81CD86A4E008AE480</string>
			</array>
			<key>isa</key>
			<string>PBXGroup</string>
			<key>path</key>
			<string>Main</string>
			<key>sourceTree</key>
			<string>&lt;group&gt;</string>
		</dict>
		<key>ADE7FFE21CD86A4E008AE480</key>
		<dict>
			<key>children</key>
			<array>
				<string>ADE7FFE31CD86A4E008AE480</string>
				<string>ADE7FFE41CD86A4E008AE480</string>
				<string>ADE7FFE51CD86A4E008AE480</string>
				<string>ADE7FFE61CD86A4E008AE480</string>
				<string>ADE7004B1CD87253008AE480</string>
				<string>ADE7004C1CD87253008AE480</string>
			</array>
			<key>isa</key>
			<string>PBXGroup</string>
			<key>path</key>
			<string>Controller</string>
			<key>sourceTree</key>
			<string>&lt;group&gt;</string>
		</dict>
		<key>ADE7FFE31CD86A4E008AE480</key>
		<dict>
			<key>fileEncoding</key>
			<string>4</string>
			<key>isa</key>
			<string>PBXFileReference</string>
			<key>lastKnownFileType</key>
			<string>sourcecode.c.h</string>
			<key>path</key>
			<string>JXMyNavigationController.h</string>
			<key>sourceTree</key>
			<string>&lt;group&gt;</string>
		</dict>
		<key>ADE7FFE41CD86A4E008AE480</key>
		<dict>
			<key>fileEncoding</key>
			<string>4</string>
			<key>isa</key>
			<string>PBXFileReference</string>
			<key>lastKnownFileType</key>
			<string>sourcecode.c.objc</string>
			<key>path</key>
			<string>JXMyNavigationController.m</string>
			<key>sourceTree</key>
			<string>&lt;group&gt;</string>
		</dict>
		<key>ADE7FFE51CD86A4E008AE480</key>
		<dict>
			<key>fileEncoding</key>
			<string>4</string>
			<key>isa</key>
			<string>PBXFileReference</string>
			<key>lastKnownFileType</key>
			<string>sourcecode.c.h</string>
			<key>path</key>
			<string>JXMyTabBarController.h</string>
			<key>sourceTree</key>
			<string>&lt;group&gt;</string>
		</dict>
		<key>ADE7FFE61CD86A4E008AE480</key>
		<dict>
			<key>fileEncoding</key>
			<string>4</string>
			<key>isa</key>
			<string>PBXFileReference</string>
			<key>lastKnownFileType</key>
			<string>sourcecode.c.objc</string>
			<key>path</key>
			<string>JXMyTabBarController.m</string>
			<key>sourceTree</key>
			<string>&lt;group&gt;</string>
		</dict>
		<key>ADE7FFE71CD86A4E008AE480</key>
		<dict>
			<key>children</key>
			<array/>
			<key>isa</key>
			<string>PBXGroup</string>
			<key>path</key>
			<string>Model</string>
			<key>sourceTree</key>
			<string>&lt;group&gt;</string>
		</dict>
		<key>ADE7FFE81CD86A4E008AE480</key>
		<dict>
			<key>children</key>
			<array/>
			<key>isa</key>
			<string>PBXGroup</string>
			<key>path</key>
			<string>View</string>
			<key>sourceTree</key>
			<string>&lt;group&gt;</string>
		</dict>
		<key>ADE7FFE91CD86A4E008AE480</key>
		<dict>
			<key>children</key>
			<array>
				<string>ADE7FFEA1CD86A4E008AE480</string>
				<string>ADE7FFED1CD86A4E008AE480</string>
				<string>ADE7FFEE1CD86A4E008AE480</string>
			</array>
			<key>isa</key>
			<string>PBXGroup</string>
			<key>path</key>
			<string>Map</string>
			<key>sourceTree</key>
			<string>&lt;group&gt;</string>
		</dict>
		<key>ADE7FFEA1CD86A4E008AE480</key>
		<dict>
			<key>children</key>
			<array>
				<string>ADE7FFEB1CD86A4E008AE480</string>
				<string>ADE7FFEC1CD86A4E008AE480</string>
			</array>
			<key>isa</key>
			<string>PBXGroup</string>
			<key>path</key>
			<string>Controller</string>
			<key>sourceTree</key>
			<string>&lt;group&gt;</string>
		</dict>
		<key>ADE7FFEB1CD86A4E008AE480</key>
		<dict>
			<key>fileEncoding</key>
			<string>4</string>
			<key>isa</key>
			<string>PBXFileReference</string>
			<key>lastKnownFileType</key>
			<string>sourcecode.c.h</string>
			<key>path</key>
			<string>JXMapViewController.h</string>
			<key>sourceTree</key>
			<string>&lt;group&gt;</string>
		</dict>
		<key>ADE7FFEC1CD86A4E008AE480</key>
		<dict>
			<key>fileEncoding</key>
			<string>4</string>
			<key>isa</key>
			<string>PBXFileReference</string>
			<key>lastKnownFileType</key>
			<string>sourcecode.c.objc</string>
			<key>path</key>
			<string>JXMapViewController.m</string>
			<key>sourceTree</key>
			<string>&lt;group&gt;</string>
		</dict>
		<key>ADE7FFED1CD86A4E008AE480</key>
		<dict>
			<key>children</key>
			<array/>
			<key>isa</key>
			<string>PBXGroup</string>
			<key>path</key>
			<string>Model</string>
			<key>sourceTree</key>
			<string>&lt;group&gt;</string>
		</dict>
		<key>ADE7FFEE1CD86A4E008AE480</key>
		<dict>
			<key>children</key>
			<array/>
			<key>isa</key>
			<string>PBXGroup</string>
			<key>path</key>
			<string>View</string>
			<key>sourceTree</key>
			<string>&lt;group&gt;</string>
		</dict>
		<key>ADE7FFEF1CD86A4E008AE480</key>
		<dict>
			<key>children</key>
			<array>
				<string>ADE7FFF01CD86A4E008AE480</string>
				<string>ADE7FFF31CD86A4E008AE480</string>
				<string>ADE7FFF41CD86A4E008AE480</string>
			</array>
			<key>isa</key>
			<string>PBXGroup</string>
			<key>path</key>
			<string>Message</string>
			<key>sourceTree</key>
			<string>&lt;group&gt;</string>
		</dict>
		<key>ADE7FFF01CD86A4E008AE480</key>
		<dict>
			<key>children</key>
			<array>
				<string>ADE7FFF11CD86A4E008AE480</string>
				<string>ADE7FFF21CD86A4E008AE480</string>
			</array>
			<key>isa</key>
			<string>PBXGroup</string>
			<key>path</key>
			<string>Controller</string>
			<key>sourceTree</key>
			<string>&lt;group&gt;</string>
		</dict>
		<key>ADE7FFF11CD86A4E008AE480</key>
		<dict>
			<key>fileEncoding</key>
			<string>4</string>
			<key>isa</key>
			<string>PBXFileReference</string>
			<key>lastKnownFileType</key>
			<string>sourcecode.c.h</string>
			<key>path</key>
			<string>JXMessageViewController.h</string>
			<key>sourceTree</key>
			<string>&lt;group&gt;</string>
		</dict>
		<key>ADE7FFF21CD86A4E008AE480</key>
		<dict>
			<key>fileEncoding</key>
			<string>4</string>
			<key>isa</key>
			<string>PBXFileReference</string>
			<key>lastKnownFileType</key>
			<string>sourcecode.c.objc</string>
			<key>path</key>
			<string>JXMessageViewController.m</string>
			<key>sourceTree</key>
			<string>&lt;group&gt;</string>
		</dict>
		<key>ADE7FFF31CD86A4E008AE480</key>
		<dict>
			<key>children</key>
			<array/>
			<key>isa</key>
			<string>PBXGroup</string>
			<key>path</key>
			<string>Model</string>
			<key>sourceTree</key>
			<string>&lt;group&gt;</string>
		</dict>
		<key>ADE7FFF41CD86A4E008AE480</key>
		<dict>
			<key>children</key>
			<array/>
			<key>isa</key>
			<string>PBXGroup</string>
			<key>path</key>
			<string>View</string>
			<key>sourceTree</key>
			<string>&lt;group&gt;</string>
		</dict>
		<key>ADE7FFF51CD86A4E008AE480</key>
		<dict>
			<key>children</key>
			<array>
				<string>ADE7FFF61CD86A4E008AE480</string>
				<string>ADE7FFF71CD86A4E008AE480</string>
				<string>ADE7FFF81CD86A4E008AE480</string>
			</array>
			<key>isa</key>
			<string>PBXGroup</string>
			<key>path</key>
			<string>Other</string>
			<key>sourceTree</key>
			<string>&lt;group&gt;</string>
		</dict>
		<key>ADE7FFF61CD86A4E008AE480</key>
		<dict>
			<key>fileEncoding</key>
			<string>4</string>
			<key>isa</key>
			<string>PBXFileReference</string>
			<key>lastKnownFileType</key>
			<string>sourcecode.c.h</string>
			<key>path</key>
			<string>AppDelegate.h</string>
			<key>sourceTree</key>
			<string>&lt;group&gt;</string>
		</dict>
		<key>ADE7FFF71CD86A4E008AE480</key>
		<dict>
			<key>fileEncoding</key>
			<string>4</string>
			<key>isa</key>
			<string>PBXFileReference</string>
			<key>lastKnownFileType</key>
			<string>sourcecode.c.objc</string>
			<key>path</key>
			<string>AppDelegate.m</string>
			<key>sourceTree</key>
			<string>&lt;group&gt;</string>
		</dict>
		<key>ADE7FFF81CD86A4E008AE480</key>
		<dict>
			<key>fileEncoding</key>
			<string>4</string>
			<key>isa</key>
			<string>PBXFileReference</string>
			<key>lastKnownFileType</key>
			<string>sourcecode.c.objc</string>
			<key>path</key>
			<string>main.m</string>
			<key>sourceTree</key>
			<string>&lt;group&gt;</string>
		</dict>
		<key>ADE7FFF91CD86A4E008AE480</key>
		<dict>
			<key>children</key>
			<array>
				<string>ADE7FFFA1CD86A4E008AE480</string>
				<string>ADE7FFFD1CD86A4E008AE480</string>
				<string>ADE7FFFE1CD86A4E008AE480</string>
			</array>
			<key>isa</key>
			<string>PBXGroup</string>
			<key>path</key>
			<string>Profile</string>
			<key>sourceTree</key>
			<string>&lt;group&gt;</string>
		</dict>
		<key>ADE7FFFA1CD86A4E008AE480</key>
		<dict>
			<key>children</key>
			<array>
				<string>ADE7FFFB1CD86A4E008AE480</string>
				<string>ADE7FFFC1CD86A4E008AE480</string>
			</array>
			<key>isa</key>
			<string>PBXGroup</string>
			<key>path</key>
			<string>Controller</string>
			<key>sourceTree</key>
			<string>&lt;group&gt;</string>
		</dict>
		<key>ADE7FFFB1CD86A4E008AE480</key>
		<dict>
			<key>fileEncoding</key>
			<string>4</string>
			<key>isa</key>
			<string>PBXFileReference</string>
			<key>lastKnownFileType</key>
			<string>sourcecode.c.h</string>
			<key>path</key>
			<string>JXProfileViewController.h</string>
			<key>sourceTree</key>
			<string>&lt;group&gt;</string>
		</dict>
		<key>ADE7FFFC1CD86A4E008AE480</key>
		<dict>
			<key>fileEncoding</key>
			<string>4</string>
			<key>isa</key>
			<string>PBXFileReference</string>
			<key>lastKnownFileType</key>
			<string>sourcecode.c.objc</string>
			<key>path</key>
			<string>JXProfileViewController.m</string>
			<key>sourceTree</key>
			<string>&lt;group&gt;</string>
		</dict>
		<key>ADE7FFFD1CD86A4E008AE480</key>
		<dict>
			<key>children</key>
			<array/>
			<key>isa</key>
			<string>PBXGroup</string>
			<key>path</key>
			<string>Model</string>
			<key>sourceTree</key>
			<string>&lt;group&gt;</string>
		</dict>
		<key>ADE7FFFE1CD86A4E008AE480</key>
		<dict>
			<key>children</key>
			<array/>
			<key>isa</key>
			<string>PBXGroup</string>
			<key>path</key>
			<string>View</string>
			<key>sourceTree</key>
			<string>&lt;group&gt;</string>
		</dict>
		<key>ADE7FFFF1CD86A4E008AE480</key>
		<dict>
			<key>children</key>
			<array>
				<string>ADE700411CD870AE008AE480</string>
				<string>ADE700421CD870AE008AE480</string>
				<string>ADE7003E1CD870AE008AE480</string>
				<string>ADE700311CD870AE008AE480</string>
			</array>
			<key>isa</key>
			<string>PBXGroup</string>
			<key>path</key>
			<string>SQL</string>
			<key>sourceTree</key>
			<string>&lt;group&gt;</string>
		</dict>
		<key>BB585B227F84DAB2800BA738</key>
		<dict>
			<key>children</key>
			<array>
				<string>2109717A2189EFEA515D33C8</string>
				<string>1B8FDA76C38ACEA0D7C43F46</string>
			</array>
			<key>isa</key>
			<string>PBXGroup</string>
			<key>name</key>
			<string>Pods</string>
			<key>sourceTree</key>
			<string>&lt;group&gt;</string>
		</dict>
		<key>CA2342C6EC27716863253628</key>
		<dict>
			<key>children</key>
			<array>
				<string>44D25EE733AC56F96CC477EB</string>
			</array>
			<key>isa</key>
			<string>PBXGroup</string>
			<key>name</key>
			<string>Frameworks</string>
			<key>sourceTree</key>
			<string>&lt;group&gt;</string>
		</dict>
		<key>F84F094B29A9F385CDFF1150</key>
		<dict>
			<key>buildActionMask</key>
			<string>2147483647</string>
			<key>files</key>
			<array/>
			<key>inputPaths</key>
			<array/>
			<key>isa</key>
			<string>PBXShellScriptBuildPhase</string>
			<key>name</key>
			<string>Check Pods Manifest.lock</string>
			<key>outputPaths</key>
			<array/>
			<key>runOnlyForDeploymentPostprocessing</key>
			<string>0</string>
			<key>shellPath</key>
			<string>/bin/sh</string>
			<key>shellScript</key>
			<string>diff "${PODS_ROOT}/../Podfile.lock" "${PODS_ROOT}/Manifest.lock" &gt; /dev/null
if [[ $? != 0 ]] ; then
    cat &lt;&lt; EOM
error: The sandbox is not in sync with the Podfile.lock. Run 'pod install' or update your CocoaPods installation.
EOM
    exit 1
fi
</string>
			<key>showEnvVarsInLog</key>
			<string>0</string>
		</dict>
	</dict>
	<key>rootObject</key>
	<string>ADE7FF891CD7F4C4008AE480</string>
</dict>
</plist>
